// !$*UTF8*$!
{
	archiveVersion = 1;
	classes = {
	};
	objectVersion = 50;
	objects = {

/* Begin PBXBuildFile section */
		872EC17F23E6578200B8AC97 /* AppDelegate.swift in Sources */ = {isa = PBXBuildFile; fileRef = 872EC17E23E6578200B8AC97 /* AppDelegate.swift */; };
		872EC18123E6578200B8AC97 /* SceneDelegate.swift in Sources */ = {isa = PBXBuildFile; fileRef = 872EC18023E6578200B8AC97 /* SceneDelegate.swift */; };
		872EC18323E6578200B8AC97 /* ViewController.swift in Sources */ = {isa = PBXBuildFile; fileRef = 872EC18223E6578200B8AC97 /* ViewController.swift */; };
		872EC18623E6578200B8AC97 /* Main.storyboard in Resources */ = {isa = PBXBuildFile; fileRef = 872EC18423E6578200B8AC97 /* Main.storyboard */; };
		872EC18823E6578400B8AC97 /* Assets.xcassets in Resources */ = {isa = PBXBuildFile; fileRef = 872EC18723E6578400B8AC97 /* Assets.xcassets */; };
		872EC18B23E6578400B8AC97 /* LaunchScreen.storyboard in Resources */ = {isa = PBXBuildFile; fileRef = 872EC18923E6578400B8AC97 /* LaunchScreen.storyboard */; };
		872EC19323E6702700B8AC97 /* Word.swift in Sources */ = {isa = PBXBuildFile; fileRef = 872EC19223E6702700B8AC97 /* Word.swift */; };
/* End PBXBuildFile section */

/* Begin PBXFileReference section */
		872EC17B23E6578200B8AC97 /* BaiTapTet2.app */ = {isa = PBXFileReference; explicitFileType = wrapper.application; includeInIndex = 0; path = BaiTapTet2.app; sourceTree = BUILT_PRODUCTS_DIR; };
		872EC17E23E6578200B8AC97 /* AppDelegate.swift */ = {isa = PBXFileReference; lastKnownFileType = sourcecode.swift; path = AppDelegate.swift; sourceTree = "<group>"; };
		872EC18023E6578200B8AC97 /* SceneDelegate.swift */ = {isa = PBXFileReference; lastKnownFileType = sourcecode.swift; path = SceneDelegate.swift; sourceTree = "<group>"; };
		872EC18223E6578200B8AC97 /* ViewController.swift */ = {isa = PBXFileReference; lastKnownFileType = sourcecode.swift; path = ViewController.swift; sourceTree = "<group>"; };
		872EC18523E6578200B8AC97 /* Base */ = {isa = PBXFileReference; lastKnownFileType = file.storyboard; name = Base; path = Base.lproj/Main.storyboard; sourceTree = "<group>"; };
		872EC18723E6578400B8AC97 /* Assets.xcassets */ = {isa = PBXFileReference; lastKnownFileType = folder.assetcatalog; path = Assets.xcassets; sourceTree = "<group>"; };
		872EC18A23E6578400B8AC97 /* Base */ = {isa = PBXFileReference; lastKnownFileType = file.storyboard; name = Base; path = Base.lproj/LaunchScreen.storyboard; sourceTree = "<group>"; };
		872EC18C23E6578400B8AC97 /* Info.plist */ = {isa = PBXFileReference; lastKnownFileType = text.plist.xml; path = Info.plist; sourceTree = "<group>"; };
		872EC19223E6702700B8AC97 /* Word.swift */ = {isa = PBXFileReference; lastKnownFileType = sourcecode.swift; path = Word.swift; sourceTree = "<group>"; };
/* End PBXFileReference section */

/* Begin PBXFrameworksBuildPhase section */
		872EC17823E6578200B8AC97 /* Frameworks */ = {
			isa = PBXFrameworksBuildPhase;
			buildActionMask = 2147483647;
			files = (
			);
			runOnlyForDeploymentPostprocessing = 0;
		};
/* End PBXFrameworksBuildPhase section */

/* Begin PBXGroup section */
		872EC17223E6578200B8AC97 = {
			isa = PBXGroup;
			children = (
				872EC17D23E6578200B8AC97 /* BaiTapTet2 */,
				872EC17C23E6578200B8AC97 /* Products */,
			);
			sourceTree = "<group>";
		};
		872EC17C23E6578200B8AC97 /* Products */ = {
			isa = PBXGroup;
			children = (
				872EC17B23E6578200B8AC97 /* BaiTapTet2.app */,
			);
			name = Products;
			sourceTree = "<group>";
		};
		872EC17D23E6578200B8AC97 /* BaiTapTet2 */ = {
			isa = PBXGroup;
			children = (
				872EC17E23E6578200B8AC97 /* AppDelegate.swift */,
				872EC18023E6578200B8AC97 /* SceneDelegate.swift */,
				872EC18223E6578200B8AC97 /* ViewController.swift */,
				872EC18423E6578200B8AC97 /* Main.storyboard */,
				872EC18723E6578400B8AC97 /* Assets.xcassets */,
				872EC18923E6578400B8AC97 /* LaunchScreen.storyboard */,
				872EC18C23E6578400B8AC97 /* Info.plist */,
				872EC19423E6703200B8AC97 /* Objects */,
			);
			path = BaiTapTet2;
			sourceTree = "<group>";
		};
		872EC19423E6703200B8AC97 /* Objects */ = {
			isa = PBXGroup;
			children = (
				872EC19223E6702700B8AC97 /* Word.swift */,
			);
			path = Objects;
			sourceTree = "<group>";
		};
/* End PBXGroup section */

/* Begin PBXNativeTarget section */
		872EC17A23E6578200B8AC97 /* BaiTapTet2 */ = {
			isa = PBXNativeTarget;
			buildConfigurationList = 872EC18F23E6578400B8AC97 /* Build configuration list for PBXNativeTarget "BaiTapTet2" */;
			buildPhases = (
				872EC17723E6578200B8AC97 /* Sources */,
				872EC17823E6578200B8AC97 /* Frameworks */,
				872EC17923E6578200B8AC97 /* Resources */,
			);
			buildRules = (
			);
			dependencies = (
			);
			name = BaiTapTet2;
			productName = BaiTapTet2;
			productReference = 872EC17B23E6578200B8AC97 /* BaiTapTet2.app */;
			productType = "com.apple.product-type.application";
		};
/* End PBXNativeTarget section */

/* Begin PBXProject section */
		872EC17323E6578200B8AC97 /* Project object */ = {
			isa = PBXProject;
			attributes = {
				LastSwiftUpdateCheck = 1110;
				LastUpgradeCheck = 1110;
				ORGANIZATIONNAME = Trung;
				TargetAttributes = {
					872EC17A23E6578200B8AC97 = {
						CreatedOnToolsVersion = 11.1;
					};
				};
			};
			buildConfigurationList = 872EC17623E6578200B8AC97 /* Build configuration list for PBXProject "BaiTapTet2" */;
			compatibilityVersion = "Xcode 9.3";
			developmentRegion = en;
			hasScannedForEncodings = 0;
			knownRegions = (
				en,
				Base,
			);
			mainGroup = 872EC17223E6578200B8AC97;
			productRefGroup = 872EC17C23E6578200B8AC97 /* Products */;
			projectDirPath = "";
			projectRoot = "";
			targets = (
				872EC17A23E6578200B8AC97 /* BaiTapTet2 */,
			);
		};
/* End PBXProject section */

/* Begin PBXResourcesBuildPhase section */
		872EC17923E6578200B8AC97 /* Resources */ = {
			isa = PBXResourcesBuildPhase;
			buildActionMask = 2147483647;
			files = (
				872EC18B23E6578400B8AC97 /* LaunchScreen.storyboard in Resources */,
				872EC18823E6578400B8AC97 /* Assets.xcassets in Resources */,
				872EC18623E6578200B8AC97 /* Main.storyboard in Resources */,
			);
			runOnlyForDeploymentPostprocessing = 0;
		};
/* End PBXResourcesBuildPhase section */

/* Begin PBXSourcesBuildPhase section */
		872EC17723E6578200B8AC97 /* Sources */ = {
			isa = PBXSourcesBuildPhase;
			buildActionMask = 2147483647;
			files = (
				872EC18323E6578200B8AC97 /* ViewController.swift in Sources */,
				872EC19323E6702700B8AC97 /* Word.swift in Sources */,
				872EC17F23E6578200B8AC97 /* AppDelegate.swift in Sources */,
				872EC18123E6578200B8AC97 /* SceneDelegate.swift in Sources */,
			);
			runOnlyForDeploymentPostprocessing = 0;
		};
/* End PBXSourcesBuildPhase section */

/* Begin PBXVariantGroup section */
		872EC18423E6578200B8AC97 /* Main.storyboard */ = {
			isa = PBXVariantGroup;
			children = (
				872EC18523E6578200B8AC97 /* Base */,
			);
			name = Main.storyboard;
			sourceTree = "<group>";
		};
		872EC18923E6578400B8AC97 /* LaunchScreen.storyboard */ = {
			isa = PBXVariantGroup;
			children = (
				872EC18A23E6578400B8AC97 /* Base */,
			);
			name = LaunchScreen.storyboard;
			sourceTree = "<group>";
		};
/* End PBXVariantGroup section */

/* Begin XCBuildConfiguration section */
		872EC18D23E6578400B8AC97 /* Debug */ = {
			isa = XCBuildConfiguration;
			buildSettings = {
				ALWAYS_SEARCH_USER_PATHS = NO;
				CLANG_ANALYZER_NONNULL = YES;
				CLANG_ANALYZER_NUMBER_OBJECT_CONVERSION = YES_AGGRESSIVE;
				CLANG_CXX_LANGUAGE_STANDARD = "gnu++14";
				CLANG_CXX_LIBRARY = "libc++";
				CLANG_ENABLE_MODULES = YES;
				CLANG_ENABLE_OBJC_ARC = YES;
				CLANG_ENABLE_OBJC_WEAK = YES;
				CLANG_WARN_BLOCK_CAPTURE_AUTORELEASING = YES;
				CLANG_WARN_BOOL_CONVERSION = YES;
				CLANG_WARN_COMMA = YES;
				CLANG_WARN_CONSTANT_CONVERSION = YES;
				CLANG_WARN_DEPRECATED_OBJC_IMPLEMENTATIONS = YES;
				CLANG_WARN_DIRECT_OBJC_ISA_USAGE = YES_ERROR;
				CLANG_WARN_DOCUMENTATION_COMMENTS = YES;
				CLANG_WARN_EMPTY_BODY = YES;
				CLANG_WARN_ENUM_CONVERSION = YES;
				CLANG_WARN_INFINITE_RECURSION = YES;
				CLANG_WARN_INT_CONVERSION = YES;
				CLANG_WARN_NON_LITERAL_NULL_CONVERSION = YES;
				CLANG_WARN_OBJC_IMPLICIT_RETAIN_SELF = YES;
				CLANG_WARN_OBJC_LITERAL_CONVERSION = YES;
				CLANG_WARN_OBJC_ROOT_CLASS = YES_ERROR;
				CLANG_WARN_RANGE_LOOP_ANALYSIS = YES;
				CLANG_WARN_STRICT_PROTOTYPES = YES;
				CLANG_WARN_SUSPICIOUS_MOVE = YES;
				CLANG_WARN_UNGUARDED_AVAILABILITY = YES_AGGRESSIVE;
				CLANG_WARN_UNREACHABLE_CODE = YES;
				CLANG_WARN__DUPLICATE_METHOD_MATCH = YES;
				COPY_PHASE_STRIP = NO;
				DEBUG_INFORMATION_FORMAT = dwarf;
				ENABLE_STRICT_OBJC_MSGSEND = YES;
				ENABLE_TESTABILITY = YES;
				GCC_C_LANGUAGE_STANDARD = gnu11;
				GCC_DYNAMIC_NO_PIC = NO;
				GCC_NO_COMMON_BLOCKS = YES;
				GCC_OPTIMIZATION_LEVEL = 0;
				GCC_PREPROCESSOR_DEFINITIONS = (
					"DEBUG=1",
					"$(inherited)",
				);
				GCC_WARN_64_TO_32_BIT_CONVERSION = YES;
				GCC_WARN_ABOUT_RETURN_TYPE = YES_ERROR;
				GCC_WARN_UNDECLARED_SELECTOR = YES;
				GCC_WARN_UNINITIALIZED_AUTOS = YES_AGGRESSIVE;
				GCC_WARN_UNUSED_FUNCTION = YES;
				GCC_WARN_UNUSED_VARIABLE = YES;
				IPHONEOS_DEPLOYMENT_TARGET = 13.1;
				MTL_ENABLE_DEBUG_INFO = INCLUDE_SOURCE;
				MTL_FAST_MATH = YES;
				ONLY_ACTIVE_ARCH = YES;
				SDKROOT = iphoneos;
				SWIFT_ACTIVE_COMPILATION_CONDITIONS = DEBUG;
				SWIFT_OPTIMIZATION_LEVEL = "-Onone";
			};
			name = Debug;
		};
		872EC18E23E6578400B8AC97 /* Release */ = {
			isa = XCBuildConfiguration;
			buildSettings = {
				ALWAYS_SEARCH_USER_PATHS = NO;
				CLANG_ANALYZER_NONNULL = YES;
				CLANG_ANALYZER_NUMBER_OBJECT_CONVERSION = YES_AGGRESSIVE;
				CLANG_CXX_LANGUAGE_STANDARD = "gnu++14";
				CLANG_CXX_LIBRARY = "libc++";
				CLANG_ENABLE_MODULES = YES;
				CLANG_ENABLE_OBJC_ARC = YES;
				CLANG_ENABLE_OBJC_WEAK = YES;
				CLANG_WARN_BLOCK_CAPTURE_AUTORELEASING = YES;
				CLANG_WARN_BOOL_CONVERSION = YES;
				CLANG_WARN_COMMA = YES;
				CLANG_WARN_CONSTANT_CONVERSION = YES;
				CLANG_WARN_DEPRECATED_OBJC_IMPLEMENTATIONS = YES;
				CLANG_WARN_DIRECT_OBJC_ISA_USAGE = YES_ERROR;
				CLANG_WARN_DOCUMENTATION_COMMENTS = YES;
				CLANG_WARN_EMPTY_BODY = YES;
				CLANG_WARN_ENUM_CONVERSION = YES;
				CLANG_WARN_INFINITE_RECURSION = YES;
				CLANG_WARN_INT_CONVERSION = YES;
				CLANG_WARN_NON_LITERAL_NULL_CONVERSION = YES;
				CLANG_WARN_OBJC_IMPLICIT_RETAIN_SELF = YES;
				CLANG_WARN_OBJC_LITERAL_CONVERSION = YES;
				CLANG_WARN_OBJC_ROOT_CLASS = YES_ERROR;
				CLANG_WARN_RANGE_LOOP_ANALYSIS = YES;
				CLANG_WARN_STRICT_PROTOTYPES = YES;
				CLANG_WARN_SUSPICIOUS_MOVE = YES;
				CLANG_WARN_UNGUARDED_AVAILABILITY = YES_AGGRESSIVE;
				CLANG_WARN_UNREACHABLE_CODE = YES;
				CLANG_WARN__DUPLICATE_METHOD_MATCH = YES;
				COPY_PHASE_STRIP = NO;
				DEBUG_INFORMATION_FORMAT = "dwarf-with-dsym";
				ENABLE_NS_ASSERTIONS = NO;
				ENABLE_STRICT_OBJC_MSGSEND = YES;
				GCC_C_LANGUAGE_STANDARD = gnu11;
				GCC_NO_COMMON_BLOCKS = YES;
				GCC_WARN_64_TO_32_BIT_CONVERSION = YES;
				GCC_WARN_ABOUT_RETURN_TYPE = YES_ERROR;
				GCC_WARN_UNDECLARED_SELECTOR = YES;
				GCC_WARN_UNINITIALIZED_AUTOS = YES_AGGRESSIVE;
				GCC_WARN_UNUSED_FUNCTION = YES;
				GCC_WARN_UNUSED_VARIABLE = YES;
				IPHONEOS_DEPLOYMENT_TARGET = 13.1;
				MTL_ENABLE_DEBUG_INFO = NO;
				MTL_FAST_MATH = YES;
				SDKROOT = iphoneos;
				SWIFT_COMPILATION_MODE = wholemodule;
				SWIFT_OPTIMIZATION_LEVEL = "-O";
				VALIDATE_PRODUCT = YES;
			};
			name = Release;
		};
		872EC19023E6578400B8AC97 /* Debug */ = {
			isa = XCBuildConfiguration;
			buildSettings = {
				ASSETCATALOG_COMPILER_APPICON_NAME = AppIcon;
				CODE_SIGN_STYLE = Automatic;
				INFOPLIST_FILE = BaiTapTet2/Info.plist;
				IPHONEOS_DEPLOYMENT_TARGET = 13.0;
				LD_RUNPATH_SEARCH_PATHS = (
					"$(inherited)",
					"@executable_path/Frameworks",
				);
				PRODUCT_BUNDLE_IDENTIFIER = tao.quynh.BaiTapTet2;
				PRODUCT_NAME = "$(TARGET_NAME)";
				SWIFT_VERSION = 5.0;
				TARGETED_DEVICE_FAMILY = "1,2";
			};
			name = Debug;
		};
		872EC19123E6578400B8AC97 /* Release */ = {
			isa = XCBuildConfiguration;
			buildSettings = {
				ASSETCATALOG_COMPILER_APPICON_NAME = AppIcon;
				CODE_SIGN_STYLE = Automatic;
				INFOPLIST_FILE = BaiTapTet2/Info.plist;
				IPHONEOS_DEPLOYMENT_TARGET = 13.0;
				LD_RUNPATH_SEARCH_PATHS = (
					"$(inherited)",
					"@executable_path/Frameworks",
				);
				PRODUCT_BUNDLE_IDENTIFIER = tao.quynh.BaiTapTet2;
				PRODUCT_NAME = "$(TARGET_NAME)";
				SWIFT_VERSION = 5.0;
				TARGETED_DEVICE_FAMILY = "1,2";
			};
			name = Release;
		};
/* End XCBuildConfiguration section */

/* Begin XCConfigurationList section */
		872EC17623E6578200B8AC97 /* Build configuration list for PBXProject "BaiTapTet2" */ = {
			isa = XCConfigurationList;
			buildConfigurations = (
				872EC18D23E6578400B8AC97 /* Debug */,
				872EC18E23E6578400B8AC97 /* Release */,
			);
			defaultConfigurationIsVisible = 0;
			defaultConfigurationName = Release;
		};
		872EC18F23E6578400B8AC97 /* Build configuration list for PBXNativeTarget "BaiTapTet2" */ = {
			isa = XCConfigurationList;
			buildConfigurations = (
				872EC19023E6578400B8AC97 /* Debug */,
				872EC19123E6578400B8AC97 /* Release */,
			);
			defaultConfigurationIsVisible = 0;
			defaultConfigurationName = Release;
		};
/* End XCConfigurationList section */
	};
	rootObject = 872EC17323E6578200B8AC97 /* Project object */;
}
